
Microsoft Visual Studio Solution File, Format Version 12.00
# Visual Studio Version 16
VisualStudioVersion = 16.0.29215.179
MinimumVisualStudioVersion = 10.0.40219.1
Project("{FAE04EC0-301F-11D3-BF4B-00C04F79EFBC}") = "TitanBot", "TitanBot.csproj", "{8FF99E16-E818-4FB1-A19C-FCB1F94364FF}"
EndProject
Global
	GlobalSection(SolutionConfigurationPlatforms) = preSolution
		Debug|Any CPU = Debug|Any CPU
		Release|Any CPU = Release|Any CPU
	EndGlobalSection
	GlobalSection(ProjectConfigurationPlatforms) = postSolution
		{8FF99E16-E818-4FB1-A19C-FCB1F94364FF}.Debug|Any CPU.ActiveCfg = Debug|Any CPU
		{8FF99E16-E818-4FB1-A19C-FCB1F94364FF}.Debug|Any CPU.Build.0 = Debug|Any CPU
		{8FF99E16-E818-4FB1-A19C-FCB1F94364FF}.Release|Any CPU.ActiveCfg = Release|Any CPU
		{8FF99E16-E818-4FB1-A19C-FCB1F94364FF}.Release|Any CPU.Build.0 = Release|Any CPU
	EndGlobalSection
	GlobalSection(SolutionProperties) = preSolution
		HideSolutionNode = FALSE
	EndGlobalSection
	GlobalSection(ExtensibilityGlobals) = postSolution
		SolutionGuid = {853B298F-C7E0-452B-985F-5AE83EE4163A}
	EndGlobalSection
EndGlobal
